NeoBundleLock indentLine 86b9824b89cf52d4b748ea2a27885607c98c881a
NeoBundleLock neobundle.vim 88951d60547595606ea0ca8f28f643d2506f2714
NeoBundleLock nerdtree eee431dbd44111c858c6d33ffd366cae1f17f8b3
NeoBundleLock nerdtree-git-plugin 1d9e187e76e71466deb14b8b1c546f64f8090a63
NeoBundleLock vim-airline 0357b4fcbe771f6fa1d479c9168dfde99e1bfa0e
NeoBundleLock vim-airline-themes 5bfa07ae06cbf3e73a137c2953e9877167e5986b
NeoBundleLock vim-gitgutter eaea1c5bba8e0f72cbc923c51a18c5c9918eb513
NeoBundleLock vim-nerdtree-tabs 5a91230193fea7f9c8d792cb5c635998d868337d
